// !$*UTF8*$!
{
	archiveVersion = 1;
	classes = {
	};
	objectVersion = 46;
	objects = {

/* Begin PBXBuildFile section */
		4E2945B61DEEDC77000163DC /* DOUAudioAnalyzer+Default.m in Sources */ = {isa = PBXBuildFile; fileRef = 4E29458F1DEEDC77000163DC /* DOUAudioAnalyzer+Default.m */; };
		4E2945B71DEEDC77000163DC /* DOUAudioAnalyzer.m in Sources */ = {isa = PBXBuildFile; fileRef = 4E2945911DEEDC77000163DC /* DOUAudioAnalyzer.m */; };
		4E2945B81DEEDC77000163DC /* DOUAudioDecoder.m in Sources */ = {isa = PBXBuildFile; fileRef = 4E2945951DEEDC77000163DC /* DOUAudioDecoder.m */; };
		4E2945B91DEEDC77000163DC /* DOUAudioEventLoop.m in Sources */ = {isa = PBXBuildFile; fileRef = 4E2945971DEEDC77000163DC /* DOUAudioEventLoop.m */; };
		4E2945BA1DEEDC77000163DC /* DOUAudioFilePreprocessor.m in Sources */ = {isa = PBXBuildFile; fileRef = 4E29459A1DEEDC77000163DC /* DOUAudioFilePreprocessor.m */; };
		4E2945BB1DEEDC77000163DC /* DOUAudioFileProvider.m in Sources */ = {isa = PBXBuildFile; fileRef = 4E29459C1DEEDC77000163DC /* DOUAudioFileProvider.m */; };
		4E2945BC1DEEDC77000163DC /* DOUAudioFrequencyAnalyzer.m in Sources */ = {isa = PBXBuildFile; fileRef = 4E29459E1DEEDC77000163DC /* DOUAudioFrequencyAnalyzer.m */; };
		4E2945BD1DEEDC77000163DC /* DOUAudioLPCM.m in Sources */ = {isa = PBXBuildFile; fileRef = 4E2945A01DEEDC77000163DC /* DOUAudioLPCM.m */; };
		4E2945BE1DEEDC77000163DC /* DOUAudioPlaybackItem.m in Sources */ = {isa = PBXBuildFile; fileRef = 4E2945A21DEEDC77000163DC /* DOUAudioPlaybackItem.m */; };
		4E2945BF1DEEDC77000163DC /* DOUAudioRenderer.m in Sources */ = {isa = PBXBuildFile; fileRef = 4E2945A41DEEDC77000163DC /* DOUAudioRenderer.m */; };
		4E2945C01DEEDC77000163DC /* DOUAudioSpatialAnalyzer.m in Sources */ = {isa = PBXBuildFile; fileRef = 4E2945A61DEEDC77000163DC /* DOUAudioSpatialAnalyzer.m */; };
		4E2945C11DEEDC77000163DC /* DOUAudioStreamer+Options.m in Sources */ = {isa = PBXBuildFile; fileRef = 4E2945A81DEEDC77000163DC /* DOUAudioStreamer+Options.m */; };
		4E2945C21DEEDC77000163DC /* DOUAudioStreamer.m in Sources */ = {isa = PBXBuildFile; fileRef = 4E2945AA1DEEDC77000163DC /* DOUAudioStreamer.m */; };
		4E2945C31DEEDC77000163DC /* DOUAudioVisualizer.m in Sources */ = {isa = PBXBuildFile; fileRef = 4E2945AD1DEEDC77000163DC /* DOUAudioVisualizer.m */; };
		4E2945C41DEEDC77000163DC /* DOUEAGLView.m in Sources */ = {isa = PBXBuildFile; fileRef = 4E2945AF1DEEDC77000163DC /* DOUEAGLView.m */; };
		4E2945C51DEEDC77000163DC /* DOUMPMediaLibraryAssetLoader.m in Sources */ = {isa = PBXBuildFile; fileRef = 4E2945B11DEEDC77000163DC /* DOUMPMediaLibraryAssetLoader.m */; };
		4E2945C61DEEDC77000163DC /* DOUSimpleHTTPRequest.m in Sources */ = {isa = PBXBuildFile; fileRef = 4E2945B31DEEDC77000163DC /* DOUSimpleHTTPRequest.m */; };
		4E2945C71DEEDC77000163DC /* NSData+DOUMappedFile.m in Sources */ = {isa = PBXBuildFile; fileRef = 4E2945B51DEEDC77000163DC /* NSData+DOUMappedFile.m */; };
		4EA3C7FC1DED6DA700FF8C38 /* RNAudioStreamer.m in Sources */ = {isa = PBXBuildFile; fileRef = 4EA3C7FB1DED6DA700FF8C38 /* RNAudioStreamer.m */; };
		4EA3C7FD1DED6DA700FF8C38 /* RNAudioStreamer.h in CopyFiles */ = {isa = PBXBuildFile; fileRef = 4EA3C7FA1DED6DA700FF8C38 /* RNAudioStreamer.h */; };
		4EA3C8191DED71D400FF8C38 /* RNAudioFileURL.m in Sources */ = {isa = PBXBuildFile; fileRef = 4EA3C8181DED71D400FF8C38 /* RNAudioFileURL.m */; };
/* End PBXBuildFile section */

/* Begin PBXCopyFilesBuildPhase section */
		4EA3C7F51DED6DA700FF8C38 /* CopyFiles */ = {
			isa = PBXCopyFilesBuildPhase;
			buildActionMask = 2147483647;
			dstPath = "include/$(PRODUCT_NAME)";
			dstSubfolderSpec = 16;
			files = (
				4EA3C7FD1DED6DA700FF8C38 /* RNAudioStreamer.h in CopyFiles */,
			);
			runOnlyForDeploymentPostprocessing = 0;
		};
/* End PBXCopyFilesBuildPhase section */

/* Begin PBXFileReference section */
		4E29458E1DEEDC77000163DC /* DOUAudioAnalyzer+Default.h */ = {isa = PBXFileReference; fileEncoding = 4; lastKnownFileType = sourcecode.c.h; path = "DOUAudioAnalyzer+Default.h"; sourceTree = "<group>"; };
		4E29458F1DEEDC77000163DC /* DOUAudioAnalyzer+Default.m */ = {isa = PBXFileReference; fileEncoding = 4; lastKnownFileType = sourcecode.c.objc; path = "DOUAudioAnalyzer+Default.m"; sourceTree = "<group>"; };
		4E2945901DEEDC77000163DC /* DOUAudioAnalyzer.h */ = {isa = PBXFileReference; fileEncoding = 4; lastKnownFileType = sourcecode.c.h; path = DOUAudioAnalyzer.h; sourceTree = "<group>"; };
		4E2945911DEEDC77000163DC /* DOUAudioAnalyzer.m */ = {isa = PBXFileReference; fileEncoding = 4; lastKnownFileType = sourcecode.c.objc; path = DOUAudioAnalyzer.m; sourceTree = "<group>"; };
		4E2945921DEEDC77000163DC /* DOUAudioAnalyzer_Private.h */ = {isa = PBXFileReference; fileEncoding = 4; lastKnownFileType = sourcecode.c.h; path = DOUAudioAnalyzer_Private.h; sourceTree = "<group>"; };
		4E2945931DEEDC77000163DC /* DOUAudioBase.h */ = {isa = PBXFileReference; fileEncoding = 4; lastKnownFileType = sourcecode.c.h; path = DOUAudioBase.h; sourceTree = "<group>"; };
		4E2945941DEEDC77000163DC /* DOUAudioDecoder.h */ = {isa = PBXFileReference; fileEncoding = 4; lastKnownFileType = sourcecode.c.h; path = DOUAudioDecoder.h; sourceTree = "<group>"; };
		4E2945951DEEDC77000163DC /* DOUAudioDecoder.m */ = {isa = PBXFileReference; fileEncoding = 4; lastKnownFileType = sourcecode.c.objc; path = DOUAudioDecoder.m; sourceTree = "<group>"; };
		4E2945961DEEDC77000163DC /* DOUAudioEventLoop.h */ = {isa = PBXFileReference; fileEncoding = 4; lastKnownFileType = sourcecode.c.h; path = DOUAudioEventLoop.h; sourceTree = "<group>"; };
		4E2945971DEEDC77000163DC /* DOUAudioEventLoop.m */ = {isa = PBXFileReference; fileEncoding = 4; lastKnownFileType = sourcecode.c.objc; path = DOUAudioEventLoop.m; sourceTree = "<group>"; };
		4E2945981DEEDC77000163DC /* DOUAudioFile.h */ = {isa = PBXFileReference; fileEncoding = 4; lastKnownFileType = sourcecode.c.h; path = DOUAudioFile.h; sourceTree = "<group>"; };
		4E2945991DEEDC77000163DC /* DOUAudioFilePreprocessor.h */ = {isa = PBXFileReference; fileEncoding = 4; lastKnownFileType = sourcecode.c.h; path = DOUAudioFilePreprocessor.h; sourceTree = "<group>"; };
		4E29459A1DEEDC77000163DC /* DOUAudioFilePreprocessor.m */ = {isa = PBXFileReference; fileEncoding = 4; lastKnownFileType = sourcecode.c.objc; path = DOUAudioFilePreprocessor.m; sourceTree = "<group>"; };
		4E29459B1DEEDC77000163DC /* DOUAudioFileProvider.h */ = {isa = PBXFileReference; fileEncoding = 4; lastKnownFileType = sourcecode.c.h; path = DOUAudioFileProvider.h; sourceTree = "<group>"; };
		4E29459C1DEEDC77000163DC /* DOUAudioFileProvider.m */ = {isa = PBXFileReference; fileEncoding = 4; lastKnownFileType = sourcecode.c.objc; path = DOUAudioFileProvider.m; sourceTree = "<group>"; };
		4E29459D1DEEDC77000163DC /* DOUAudioFrequencyAnalyzer.h */ = {isa = PBXFileReference; fileEncoding = 4; lastKnownFileType = sourcecode.c.h; path = DOUAudioFrequencyAnalyzer.h; sourceTree = "<group>"; };
		4E29459E1DEEDC77000163DC /* DOUAudioFrequencyAnalyzer.m */ = {isa = PBXFileReference; fileEncoding = 4; lastKnownFileType = sourcecode.c.objc; path = DOUAudioFrequencyAnalyzer.m; sourceTree = "<group>"; };
		4E29459F1DEEDC77000163DC /* DOUAudioLPCM.h */ = {isa = PBXFileReference; fileEncoding = 4; lastKnownFileType = sourcecode.c.h; path = DOUAudioLPCM.h; sourceTree = "<group>"; };
		4E2945A01DEEDC77000163DC /* DOUAudioLPCM.m */ = {isa = PBXFileReference; fileEncoding = 4; lastKnownFileType = sourcecode.c.objc; path = DOUAudioLPCM.m; sourceTree = "<group>"; };
		4E2945A11DEEDC77000163DC /* DOUAudioPlaybackItem.h */ = {isa = PBXFileReference; fileEncoding = 4; lastKnownFileType = sourcecode.c.h; path = DOUAudioPlaybackItem.h; sourceTree = "<group>"; };
		4E2945A21DEEDC77000163DC /* DOUAudioPlaybackItem.m */ = {isa = PBXFileReference; fileEncoding = 4; lastKnownFileType = sourcecode.c.objc; path = DOUAudioPlaybackItem.m; sourceTree = "<group>"; };
		4E2945A31DEEDC77000163DC /* DOUAudioRenderer.h */ = {isa = PBXFileReference; fileEncoding = 4; lastKnownFileType = sourcecode.c.h; path = DOUAudioRenderer.h; sourceTree = "<group>"; };
		4E2945A41DEEDC77000163DC /* DOUAudioRenderer.m */ = {isa = PBXFileReference; fileEncoding = 4; lastKnownFileType = sourcecode.c.objc; path = DOUAudioRenderer.m; sourceTree = "<group>"; };
		4E2945A51DEEDC77000163DC /* DOUAudioSpatialAnalyzer.h */ = {isa = PBXFileReference; fileEncoding = 4; lastKnownFileType = sourcecode.c.h; path = DOUAudioSpatialAnalyzer.h; sourceTree = "<group>"; };
		4E2945A61DEEDC77000163DC /* DOUAudioSpatialAnalyzer.m */ = {isa = PBXFileReference; fileEncoding = 4; lastKnownFileType = sourcecode.c.objc; path = DOUAudioSpatialAnalyzer.m; sourceTree = "<group>"; };
		4E2945A71DEEDC77000163DC /* DOUAudioStreamer+Options.h */ = {isa = PBXFileReference; fileEncoding = 4; lastKnownFileType = sourcecode.c.h; path = "DOUAudioStreamer+Options.h"; sourceTree = "<group>"; };
		4E2945A81DEEDC77000163DC /* DOUAudioStreamer+Options.m */ = {isa = PBXFileReference; fileEncoding = 4; lastKnownFileType = sourcecode.c.objc; path = "DOUAudioStreamer+Options.m"; sourceTree = "<group>"; };
		4E2945A91DEEDC77000163DC /* DOUAudioStreamer.h */ = {isa = PBXFileReference; fileEncoding = 4; lastKnownFileType = sourcecode.c.h; path = DOUAudioStreamer.h; sourceTree = "<group>"; };
		4E2945AA1DEEDC77000163DC /* DOUAudioStreamer.m */ = {isa = PBXFileReference; fileEncoding = 4; lastKnownFileType = sourcecode.c.objc; path = DOUAudioStreamer.m; sourceTree = "<group>"; };
		4E2945AB1DEEDC77000163DC /* DOUAudioStreamer_Private.h */ = {isa = PBXFileReference; fileEncoding = 4; lastKnownFileType = sourcecode.c.h; path = DOUAudioStreamer_Private.h; sourceTree = "<group>"; };
		4E2945AC1DEEDC77000163DC /* DOUAudioVisualizer.h */ = {isa = PBXFileReference; fileEncoding = 4; lastKnownFileType = sourcecode.c.h; path = DOUAudioVisualizer.h; sourceTree = "<group>"; };
		4E2945AD1DEEDC77000163DC /* DOUAudioVisualizer.m */ = {isa = PBXFileReference; fileEncoding = 4; lastKnownFileType = sourcecode.c.objc; path = DOUAudioVisualizer.m; sourceTree = "<group>"; };
		4E2945AE1DEEDC77000163DC /* DOUEAGLView.h */ = {isa = PBXFileReference; fileEncoding = 4; lastKnownFileType = sourcecode.c.h; path = DOUEAGLView.h; sourceTree = "<group>"; };
		4E2945AF1DEEDC77000163DC /* DOUEAGLView.m */ = {isa = PBXFileReference; fileEncoding = 4; lastKnownFileType = sourcecode.c.objc; path = DOUEAGLView.m; sourceTree = "<group>"; };
		4E2945B01DEEDC77000163DC /* DOUMPMediaLibraryAssetLoader.h */ = {isa = PBXFileReference; fileEncoding = 4; lastKnownFileType = sourcecode.c.h; path = DOUMPMediaLibraryAssetLoader.h; sourceTree = "<group>"; };
		4E2945B11DEEDC77000163DC /* DOUMPMediaLibraryAssetLoader.m */ = {isa = PBXFileReference; fileEncoding = 4; lastKnownFileType = sourcecode.c.objc; path = DOUMPMediaLibraryAssetLoader.m; sourceTree = "<group>"; };
		4E2945B21DEEDC77000163DC /* DOUSimpleHTTPRequest.h */ = {isa = PBXFileReference; fileEncoding = 4; lastKnownFileType = sourcecode.c.h; path = DOUSimpleHTTPRequest.h; sourceTree = "<group>"; };
		4E2945B31DEEDC77000163DC /* DOUSimpleHTTPRequest.m */ = {isa = PBXFileReference; fileEncoding = 4; lastKnownFileType = sourcecode.c.objc; path = DOUSimpleHTTPRequest.m; sourceTree = "<group>"; };
		4E2945B41DEEDC77000163DC /* NSData+DOUMappedFile.h */ = {isa = PBXFileReference; fileEncoding = 4; lastKnownFileType = sourcecode.c.h; path = "NSData+DOUMappedFile.h"; sourceTree = "<group>"; };
		4E2945B51DEEDC77000163DC /* NSData+DOUMappedFile.m */ = {isa = PBXFileReference; fileEncoding = 4; lastKnownFileType = sourcecode.c.objc; path = "NSData+DOUMappedFile.m"; sourceTree = "<group>"; };
		4EA3C7F71DED6DA700FF8C38 /* libRNAudioStreamer.a */ = {isa = PBXFileReference; explicitFileType = archive.ar; includeInIndex = 0; path = libRNAudioStreamer.a; sourceTree = BUILT_PRODUCTS_DIR; };
		4EA3C7FA1DED6DA700FF8C38 /* RNAudioStreamer.h */ = {isa = PBXFileReference; lastKnownFileType = sourcecode.c.h; path = RNAudioStreamer.h; sourceTree = "<group>"; };
		4EA3C7FB1DED6DA700FF8C38 /* RNAudioStreamer.m */ = {isa = PBXFileReference; lastKnownFileType = sourcecode.c.objc; path = RNAudioStreamer.m; sourceTree = "<group>"; };
		4EA3C8171DED71D400FF8C38 /* RNAudioFileURL.h */ = {isa = PBXFileReference; fileEncoding = 4; lastKnownFileType = sourcecode.c.h; path = RNAudioFileURL.h; sourceTree = "<group>"; };
		4EA3C8181DED71D400FF8C38 /* RNAudioFileURL.m */ = {isa = PBXFileReference; fileEncoding = 4; lastKnownFileType = sourcecode.c.objc; path = RNAudioFileURL.m; sourceTree = "<group>"; };
/* End PBXFileReference section */

/* Begin PBXFrameworksBuildPhase section */
		4EA3C7F41DED6DA700FF8C38 /* Frameworks */ = {
			isa = PBXFrameworksBuildPhase;
			buildActionMask = 2147483647;
			files = (
			);
			runOnlyForDeploymentPostprocessing = 0;
		};
/* End PBXFrameworksBuildPhase section */

/* Begin PBXGroup section */
		4E29458D1DEEDC77000163DC /* DOUAudioStreamer */ = {
			isa = PBXGroup;
			children = (
				4E29458E1DEEDC77000163DC /* DOUAudioAnalyzer+Default.h */,
				4E29458F1DEEDC77000163DC /* DOUAudioAnalyzer+Default.m */,
				4E2945901DEEDC77000163DC /* DOUAudioAnalyzer.h */,
				4E2945911DEEDC77000163DC /* DOUAudioAnalyzer.m */,
				4E2945921DEEDC77000163DC /* DOUAudioAnalyzer_Private.h */,
				4E2945931DEEDC77000163DC /* DOUAudioBase.h */,
				4E2945941DEEDC77000163DC /* DOUAudioDecoder.h */,
				4E2945951DEEDC77000163DC /* DOUAudioDecoder.m */,
				4E2945961DEEDC77000163DC /* DOUAudioEventLoop.h */,
				4E2945971DEEDC77000163DC /* DOUAudioEventLoop.m */,
				4E2945981DEEDC77000163DC /* DOUAudioFile.h */,
				4E2945991DEEDC77000163DC /* DOUAudioFilePreprocessor.h */,
				4E29459A1DEEDC77000163DC /* DOUAudioFilePreprocessor.m */,
				4E29459B1DEEDC77000163DC /* DOUAudioFileProvider.h */,
				4E29459C1DEEDC77000163DC /* DOUAudioFileProvider.m */,
				4E29459D1DEEDC77000163DC /* DOUAudioFrequencyAnalyzer.h */,
				4E29459E1DEEDC77000163DC /* DOUAudioFrequencyAnalyzer.m */,
				4E29459F1DEEDC77000163DC /* DOUAudioLPCM.h */,
				4E2945A01DEEDC77000163DC /* DOUAudioLPCM.m */,
				4E2945A11DEEDC77000163DC /* DOUAudioPlaybackItem.h */,
				4E2945A21DEEDC77000163DC /* DOUAudioPlaybackItem.m */,
				4E2945A31DEEDC77000163DC /* DOUAudioRenderer.h */,
				4E2945A41DEEDC77000163DC /* DOUAudioRenderer.m */,
				4E2945A51DEEDC77000163DC /* DOUAudioSpatialAnalyzer.h */,
				4E2945A61DEEDC77000163DC /* DOUAudioSpatialAnalyzer.m */,
				4E2945A71DEEDC77000163DC /* DOUAudioStreamer+Options.h */,
				4E2945A81DEEDC77000163DC /* DOUAudioStreamer+Options.m */,
				4E2945A91DEEDC77000163DC /* DOUAudioStreamer.h */,
				4E2945AA1DEEDC77000163DC /* DOUAudioStreamer.m */,
				4E2945AB1DEEDC77000163DC /* DOUAudioStreamer_Private.h */,
				4E2945AC1DEEDC77000163DC /* DOUAudioVisualizer.h */,
				4E2945AD1DEEDC77000163DC /* DOUAudioVisualizer.m */,
				4E2945AE1DEEDC77000163DC /* DOUEAGLView.h */,
				4E2945AF1DEEDC77000163DC /* DOUEAGLView.m */,
				4E2945B01DEEDC77000163DC /* DOUMPMediaLibraryAssetLoader.h */,
				4E2945B11DEEDC77000163DC /* DOUMPMediaLibraryAssetLoader.m */,
				4E2945B21DEEDC77000163DC /* DOUSimpleHTTPRequest.h */,
				4E2945B31DEEDC77000163DC /* DOUSimpleHTTPRequest.m */,
				4E2945B41DEEDC77000163DC /* NSData+DOUMappedFile.h */,
				4E2945B51DEEDC77000163DC /* NSData+DOUMappedFile.m */,
			);
			name = DOUAudioStreamer;
			path = src;
			sourceTree = "<group>";
		};
		4EA3C7EE1DED6DA700FF8C38 = {
			isa = PBXGroup;
			children = (
				4EA3C7F91DED6DA700FF8C38 /* RNAudioStreamer */,
				4EA3C7F81DED6DA700FF8C38 /* Products */,
			);
			sourceTree = "<group>";
		};
		4EA3C7F81DED6DA700FF8C38 /* Products */ = {
			isa = PBXGroup;
			children = (
				4EA3C7F71DED6DA700FF8C38 /* libRNAudioStreamer.a */,
			);
			name = Products;
			sourceTree = "<group>";
		};
		4EA3C7F91DED6DA700FF8C38 /* RNAudioStreamer */ = {
			isa = PBXGroup;
			children = (
				4E29458D1DEEDC77000163DC /* DOUAudioStreamer */,
				4EA3C7FA1DED6DA700FF8C38 /* RNAudioStreamer.h */,
				4EA3C7FB1DED6DA700FF8C38 /* RNAudioStreamer.m */,
				4EA3C8171DED71D400FF8C38 /* RNAudioFileURL.h */,
				4EA3C8181DED71D400FF8C38 /* RNAudioFileURL.m */,
			);
			path = RNAudioStreamer;
			sourceTree = "<group>";
		};
/* End PBXGroup section */

/* Begin PBXNativeTarget section */
		4EA3C7F61DED6DA700FF8C38 /* RNAudioStreamer */ = {
			isa = PBXNativeTarget;
			buildConfigurationList = 4EA3C8001DED6DA700FF8C38 /* Build configuration list for PBXNativeTarget "RNAudioStreamer" */;
			buildPhases = (
				4EA3C7F31DED6DA700FF8C38 /* Sources */,
				4EA3C7F41DED6DA700FF8C38 /* Frameworks */,
				4EA3C7F51DED6DA700FF8C38 /* CopyFiles */,
			);
			buildRules = (
			);
			dependencies = (
			);
			name = RNAudioStreamer;
			productName = RNAudioStreamer;
			productReference = 4EA3C7F71DED6DA700FF8C38 /* libRNAudioStreamer.a */;
			productType = "com.apple.product-type.library.static";
		};
/* End PBXNativeTarget section */

/* Begin PBXProject section */
		4EA3C7EF1DED6DA700FF8C38 /* Project object */ = {
			isa = PBXProject;
			attributes = {
				LastUpgradeCheck = 0810;
				ORGANIZATIONNAME = "Victor Chan";
				TargetAttributes = {
					4EA3C7F61DED6DA700FF8C38 = {
						CreatedOnToolsVersion = 8.1;
						DevelopmentTeam = T5JS3KBRA4;
						ProvisioningStyle = Automatic;
					};
				};
			};
			buildConfigurationList = 4EA3C7F21DED6DA700FF8C38 /* Build configuration list for PBXProject "RNAudioStreamer" */;
			compatibilityVersion = "Xcode 3.2";
			developmentRegion = English;
			hasScannedForEncodings = 0;
			knownRegions = (
				en,
			);
			mainGroup = 4EA3C7EE1DED6DA700FF8C38;
			productRefGroup = 4EA3C7F81DED6DA700FF8C38 /* Products */;
			projectDirPath = "";
			projectRoot = "";
			targets = (
				4EA3C7F61DED6DA700FF8C38 /* RNAudioStreamer */,
			);
		};
/* End PBXProject section */

/* Begin PBXSourcesBuildPhase section */
		4EA3C7F31DED6DA700FF8C38 /* Sources */ = {
			isa = PBXSourcesBuildPhase;
			buildActionMask = 2147483647;
			files = (
				4E2945BC1DEEDC77000163DC /* DOUAudioFrequencyAnalyzer.m in Sources */,
				4E2945C01DEEDC77000163DC /* DOUAudioSpatialAnalyzer.m in Sources */,
				4E2945C51DEEDC77000163DC /* DOUMPMediaLibraryAssetLoader.m in Sources */,
				4EA3C8191DED71D400FF8C38 /* RNAudioFileURL.m in Sources */,
				4E2945C41DEEDC77000163DC /* DOUEAGLView.m in Sources */,
				4E2945BF1DEEDC77000163DC /* DOUAudioRenderer.m in Sources */,
				4E2945B71DEEDC77000163DC /* DOUAudioAnalyzer.m in Sources */,
				4E2945BE1DEEDC77000163DC /* DOUAudioPlaybackItem.m in Sources */,
				4E2945B91DEEDC77000163DC /* DOUAudioEventLoop.m in Sources */,
				4E2945C31DEEDC77000163DC /* DOUAudioVisualizer.m in Sources */,
				4E2945BA1DEEDC77000163DC /* DOUAudioFilePreprocessor.m in Sources */,
				4E2945C61DEEDC77000163DC /* DOUSimpleHTTPRequest.m in Sources */,
				4EA3C7FC1DED6DA700FF8C38 /* RNAudioStreamer.m in Sources */,
				4E2945C11DEEDC77000163DC /* DOUAudioStreamer+Options.m in Sources */,
				4E2945C21DEEDC77000163DC /* DOUAudioStreamer.m in Sources */,
				4E2945B61DEEDC77000163DC /* DOUAudioAnalyzer+Default.m in Sources */,
				4E2945BD1DEEDC77000163DC /* DOUAudioLPCM.m in Sources */,
				4E2945BB1DEEDC77000163DC /* DOUAudioFileProvider.m in Sources */,
				4E2945C71DEEDC77000163DC /* NSData+DOUMappedFile.m in Sources */,
				4E2945B81DEEDC77000163DC /* DOUAudioDecoder.m in Sources */,
			);
			runOnlyForDeploymentPostprocessing = 0;
		};
/* End PBXSourcesBuildPhase section */

/* Begin XCBuildConfiguration section */
		4EA3C7FE1DED6DA700FF8C38 /* Debug */ = {
			isa = XCBuildConfiguration;
			buildSettings = {
				ALWAYS_SEARCH_USER_PATHS = NO;
				CLANG_ANALYZER_NONNULL = YES;
				CLANG_CXX_LANGUAGE_STANDARD = "gnu++0x";
				CLANG_CXX_LIBRARY = "libc++";
				CLANG_ENABLE_MODULES = YES;
				CLANG_ENABLE_OBJC_ARC = YES;
				CLANG_WARN_BOOL_CONVERSION = YES;
				CLANG_WARN_CONSTANT_CONVERSION = YES;
				CLANG_WARN_DIRECT_OBJC_ISA_USAGE = YES_ERROR;
				CLANG_WARN_DOCUMENTATION_COMMENTS = YES;
				CLANG_WARN_EMPTY_BODY = YES;
				CLANG_WARN_ENUM_CONVERSION = YES;
				CLANG_WARN_INFINITE_RECURSION = YES;
				CLANG_WARN_INT_CONVERSION = YES;
				CLANG_WARN_OBJC_ROOT_CLASS = YES_ERROR;
				CLANG_WARN_SUSPICIOUS_MOVES = YES;
				CLANG_WARN_UNREACHABLE_CODE = YES;
				CLANG_WARN__DUPLICATE_METHOD_MATCH = YES;
				"CODE_SIGN_IDENTITY[sdk=iphoneos*]" = "iPhone Developer";
				COPY_PHASE_STRIP = NO;
				DEBUG_INFORMATION_FORMAT = dwarf;
				ENABLE_STRICT_OBJC_MSGSEND = YES;
				ENABLE_TESTABILITY = YES;
				GCC_C_LANGUAGE_STANDARD = gnu99;
				GCC_DYNAMIC_NO_PIC = NO;
				GCC_NO_COMMON_BLOCKS = YES;
				GCC_OPTIMIZATION_LEVEL = 0;
				GCC_PREPROCESSOR_DEFINITIONS = (
					"DEBUG=1",
					"$(inherited)",
				);
				GCC_WARN_64_TO_32_BIT_CONVERSION = YES;
				GCC_WARN_ABOUT_RETURN_TYPE = YES_ERROR;
				GCC_WARN_UNDECLARED_SELECTOR = YES;
				GCC_WARN_UNINITIALIZED_AUTOS = YES_AGGRESSIVE;
				GCC_WARN_UNUSED_FUNCTION = YES;
				GCC_WARN_UNUSED_VARIABLE = YES;
				HEADER_SEARCH_PATHS = (
					"$(SRCROOT)/../node_modules/react-native/React/**",
					"$(SRCROOT)/../node_modules/react-native/Libraries/**",
				);
				IPHONEOS_DEPLOYMENT_TARGET = 8.0;
				MTL_ENABLE_DEBUG_INFO = YES;
				ONLY_ACTIVE_ARCH = YES;
				SDKROOT = iphoneos;
			};
			name = Debug;
		};
		4EA3C7FF1DED6DA700FF8C38 /* Release */ = {
			isa = XCBuildConfiguration;
			buildSettings = {
				ALWAYS_SEARCH_USER_PATHS = NO;
				CLANG_ANALYZER_NONNULL = YES;
				CLANG_CXX_LANGUAGE_STANDARD = "gnu++0x";
				CLANG_CXX_LIBRARY = "libc++";
				CLANG_ENABLE_MODULES = YES;
				CLANG_ENABLE_OBJC_ARC = YES;
				CLANG_WARN_BOOL_CONVERSION = YES;
				CLANG_WARN_CONSTANT_CONVERSION = YES;
				CLANG_WARN_DIRECT_OBJC_ISA_USAGE = YES_ERROR;
				CLANG_WARN_DOCUMENTATION_COMMENTS = YES;
				CLANG_WARN_EMPTY_BODY = YES;
				CLANG_WARN_ENUM_CONVERSION = YES;
				CLANG_WARN_INFINITE_RECURSION = YES;
				CLANG_WARN_INT_CONVERSION = YES;
				CLANG_WARN_OBJC_ROOT_CLASS = YES_ERROR;
				CLANG_WARN_SUSPICIOUS_MOVES = YES;
				CLANG_WARN_UNREACHABLE_CODE = YES;
				CLANG_WARN__DUPLICATE_METHOD_MATCH = YES;
				"CODE_SIGN_IDENTITY[sdk=iphoneos*]" = "iPhone Developer";
				COPY_PHASE_STRIP = NO;
				DEBUG_INFORMATION_FORMAT = "dwarf-with-dsym";
				ENABLE_NS_ASSERTIONS = NO;
				ENABLE_STRICT_OBJC_MSGSEND = YES;
				GCC_C_LANGUAGE_STANDARD = gnu99;
				GCC_NO_COMMON_BLOCKS = YES;
				GCC_WARN_64_TO_32_BIT_CONVERSION = YES;
				GCC_WARN_ABOUT_RETURN_TYPE = YES_ERROR;
				GCC_WARN_UNDECLARED_SELECTOR = YES;
				GCC_WARN_UNINITIALIZED_AUTOS = YES_AGGRESSIVE;
				GCC_WARN_UNUSED_FUNCTION = YES;
				GCC_WARN_UNUSED_VARIABLE = YES;
				HEADER_SEARCH_PATHS = (
					"$(SRCROOT)/../node_modules/react-native/React/**",
					"$(SRCROOT)/../node_modules/react-native/Libraries/**",
				);
				IPHONEOS_DEPLOYMENT_TARGET = 8.0;
				MTL_ENABLE_DEBUG_INFO = NO;
				SDKROOT = iphoneos;
				VALIDATE_PRODUCT = YES;
			};
			name = Release;
		};
		4EA3C8011DED6DA700FF8C38 /* Debug */ = {
			isa = XCBuildConfiguration;
			buildSettings = {
				DEVELOPMENT_TEAM = T5JS3KBRA4;
				HEADER_SEARCH_PATHS = (
					"$(SRCROOT)/../../react-native/React/**",
					"$(SRCROOT)/../node_modules/react-native/React/**",
				);
				OTHER_LDFLAGS = "-ObjC";
				PRODUCT_NAME = "$(TARGET_NAME)";
				SKIP_INSTALL = YES;
			};
			name = Debug;
		};
		4EA3C8021DED6DA700FF8C38 /* Release */ = {
			isa = XCBuildConfiguration;
			buildSettings = {
				DEVELOPMENT_TEAM = T5JS3KBRA4;
				HEADER_SEARCH_PATHS = (
					"$(SRCROOT)/../../react-native/React/**",
					"$(SRCROOT)/../node_modules/react-native/React/**",
				);
				OTHER_LDFLAGS = "-ObjC";
				PRODUCT_NAME = "$(TARGET_NAME)";
				SKIP_INSTALL = YES;
			};
			name = Release;
		};
/* End XCBuildConfiguration section */

/* Begin XCConfigurationList section */
		4EA3C7F21DED6DA700FF8C38 /* Build configuration list for PBXProject "RNAudioStreamer" */ = {
			isa = XCConfigurationList;
			buildConfigurations = (
				4EA3C7FE1DED6DA700FF8C38 /* Debug */,
				4EA3C7FF1DED6DA700FF8C38 /* Release */,
			);
			defaultConfigurationIsVisible = 0;
			defaultConfigurationName = Release;
		};
		4EA3C8001DED6DA700FF8C38 /* Build configuration list for PBXNativeTarget "RNAudioStreamer" */ = {
			isa = XCConfigurationList;
			buildConfigurations = (
				4EA3C8011DED6DA700FF8C38 /* Debug */,
				4EA3C8021DED6DA700FF8C38 /* Release */,
			);
			defaultConfigurationIsVisible = 0;
			defaultConfigurationName = Release;
		};
/* End XCConfigurationList section */
	};
	rootObject = 4EA3C7EF1DED6DA700FF8C38 /* Project object */;
}
